// !$*UTF8*$!
{
	archiveVersion = 1;
	classes = {
	};
	objectVersion = 50;
	objects = {

/* Begin PBXBuildFile section */
		2227AA1F24C0ACC100A47FA9 /* resultsVC.swift in Sources */ = {isa = PBXBuildFile; fileRef = 2227AA1E24C0ACC100A47FA9 /* resultsVC.swift */; };
		227BD2BA24BE24860097A920 /* AppDelegate.swift in Sources */ = {isa = PBXBuildFile; fileRef = 227BD2B924BE24860097A920 /* AppDelegate.swift */; };
		227BD2BC24BE24860097A920 /* SceneDelegate.swift in Sources */ = {isa = PBXBuildFile; fileRef = 227BD2BB24BE24860097A920 /* SceneDelegate.swift */; };
		227BD2BE24BE24860097A920 /* ViewController.swift in Sources */ = {isa = PBXBuildFile; fileRef = 227BD2BD24BE24860097A920 /* ViewController.swift */; };
		227BD2C124BE24860097A920 /* Main.storyboard in Resources */ = {isa = PBXBuildFile; fileRef = 227BD2BF24BE24860097A920 /* Main.storyboard */; };
		227BD2C424BE24860097A920 /* FinalProject.xcdatamodeld in Sources */ = {isa = PBXBuildFile; fileRef = 227BD2C224BE24860097A920 /* FinalProject.xcdatamodeld */; };
		227BD2C624BE24880097A920 /* Assets.xcassets in Resources */ = {isa = PBXBuildFile; fileRef = 227BD2C524BE24880097A920 /* Assets.xcassets */; };
		227BD2C924BE24880097A920 /* LaunchScreen.storyboard in Resources */ = {isa = PBXBuildFile; fileRef = 227BD2C724BE24880097A920 /* LaunchScreen.storyboard */; };
		22CD0BAD24BF97750070D6A2 /* quiz1ViewController.swift in Sources */ = {isa = PBXBuildFile; fileRef = 22CD0BAC24BF97750070D6A2 /* quiz1ViewController.swift */; };
		22CD0BAF24BF97A20070D6A2 /* quiz2ViewController.swift in Sources */ = {isa = PBXBuildFile; fileRef = 22CD0BAE24BF97A20070D6A2 /* quiz2ViewController.swift */; };
		22CD0BB124BF97B30070D6A2 /* quiz3ViewController.swift in Sources */ = {isa = PBXBuildFile; fileRef = 22CD0BB024BF97B30070D6A2 /* quiz3ViewController.swift */; };
		22CD0BB324BF97C80070D6A2 /* quiz4ViewController.swift in Sources */ = {isa = PBXBuildFile; fileRef = 22CD0BB224BF97C80070D6A2 /* quiz4ViewController.swift */; };
/* End PBXBuildFile section */

/* Begin PBXFileReference section */
		2227AA1E24C0ACC100A47FA9 /* resultsVC.swift */ = {isa = PBXFileReference; lastKnownFileType = sourcecode.swift; path = resultsVC.swift; sourceTree = "<group>"; };
		227BD2B624BE24860097A920 /* FinalProject.app */ = {isa = PBXFileReference; explicitFileType = wrapper.application; includeInIndex = 0; path = FinalProject.app; sourceTree = BUILT_PRODUCTS_DIR; };
		227BD2B924BE24860097A920 /* AppDelegate.swift */ = {isa = PBXFileReference; lastKnownFileType = sourcecode.swift; path = AppDelegate.swift; sourceTree = "<group>"; };
		227BD2BB24BE24860097A920 /* SceneDelegate.swift */ = {isa = PBXFileReference; lastKnownFileType = sourcecode.swift; path = SceneDelegate.swift; sourceTree = "<group>"; };
		227BD2BD24BE24860097A920 /* ViewController.swift */ = {isa = PBXFileReference; lastKnownFileType = sourcecode.swift; path = ViewController.swift; sourceTree = "<group>"; };
		227BD2C024BE24860097A920 /* Base */ = {isa = PBXFileReference; lastKnownFileType = file.storyboard; name = Base; path = Base.lproj/Main.storyboard; sourceTree = "<group>"; };
		227BD2C324BE24860097A920 /* FinalProject.xcdatamodel */ = {isa = PBXFileReference; lastKnownFileType = wrapper.xcdatamodel; path = FinalProject.xcdatamodel; sourceTree = "<group>"; };
		227BD2C524BE24880097A920 /* Assets.xcassets */ = {isa = PBXFileReference; lastKnownFileType = folder.assetcatalog; path = Assets.xcassets; sourceTree = "<group>"; };
		227BD2C824BE24880097A920 /* Base */ = {isa = PBXFileReference; lastKnownFileType = file.storyboard; name = Base; path = Base.lproj/LaunchScreen.storyboard; sourceTree = "<group>"; };
		227BD2CA24BE24880097A920 /* Info.plist */ = {isa = PBXFileReference; lastKnownFileType = text.plist.xml; path = Info.plist; sourceTree = "<group>"; };
		22CD0BAC24BF97750070D6A2 /* quiz1ViewController.swift */ = {isa = PBXFileReference; lastKnownFileType = sourcecode.swift; path = quiz1ViewController.swift; sourceTree = "<group>"; };
		22CD0BAE24BF97A20070D6A2 /* quiz2ViewController.swift */ = {isa = PBXFileReference; lastKnownFileType = sourcecode.swift; path = quiz2ViewController.swift; sourceTree = "<group>"; };
		22CD0BB024BF97B30070D6A2 /* quiz3ViewController.swift */ = {isa = PBXFileReference; lastKnownFileType = sourcecode.swift; path = quiz3ViewController.swift; sourceTree = "<group>"; };
		22CD0BB224BF97C80070D6A2 /* quiz4ViewController.swift */ = {isa = PBXFileReference; lastKnownFileType = sourcecode.swift; path = quiz4ViewController.swift; sourceTree = "<group>"; };
/* End PBXFileReference section */

/* Begin PBXFrameworksBuildPhase section */
		227BD2B324BE24860097A920 /* Frameworks */ = {
			isa = PBXFrameworksBuildPhase;
			buildActionMask = 2147483647;
			files = (
			);
			runOnlyForDeploymentPostprocessing = 0;
		};
/* End PBXFrameworksBuildPhase section */

/* Begin PBXGroup section */
		227BD2AD24BE24860097A920 = {
			isa = PBXGroup;
			children = (
				227BD2B824BE24860097A920 /* FinalProject */,
				227BD2B724BE24860097A920 /* Products */,
			);
			sourceTree = "<group>";
		};
		227BD2B724BE24860097A920 /* Products */ = {
			isa = PBXGroup;
			children = (
				227BD2B624BE24860097A920 /* FinalProject.app */,
			);
			name = Products;
			sourceTree = "<group>";
		};
		227BD2B824BE24860097A920 /* FinalProject */ = {
			isa = PBXGroup;
			children = (
				227BD2B924BE24860097A920 /* AppDelegate.swift */,
				227BD2BB24BE24860097A920 /* SceneDelegate.swift */,
				227BD2BD24BE24860097A920 /* ViewController.swift */,
				227BD2BF24BE24860097A920 /* Main.storyboard */,
				2227AA1E24C0ACC100A47FA9 /* resultsVC.swift */,
				22CD0BB224BF97C80070D6A2 /* quiz4ViewController.swift */,
				22CD0BB024BF97B30070D6A2 /* quiz3ViewController.swift */,
				22CD0BAE24BF97A20070D6A2 /* quiz2ViewController.swift */,
				22CD0BAC24BF97750070D6A2 /* quiz1ViewController.swift */,
				227BD2C524BE24880097A920 /* Assets.xcassets */,
				227BD2C724BE24880097A920 /* LaunchScreen.storyboard */,
				227BD2CA24BE24880097A920 /* Info.plist */,
				227BD2C224BE24860097A920 /* FinalProject.xcdatamodeld */,
			);
			path = FinalProject;
			sourceTree = "<group>";
		};
/* End PBXGroup section */

/* Begin PBXNativeTarget section */
		227BD2B524BE24860097A920 /* FinalProject */ = {
			isa = PBXNativeTarget;
			buildConfigurationList = 227BD2CD24BE24880097A920 /* Build configuration list for PBXNativeTarget "FinalProject" */;
			buildPhases = (
				227BD2B224BE24860097A920 /* Sources */,
				227BD2B324BE24860097A920 /* Frameworks */,
				227BD2B424BE24860097A920 /* Resources */,
			);
			buildRules = (
			);
			dependencies = (
			);
			name = FinalProject;
			productName = FinalProject;
			productReference = 227BD2B624BE24860097A920 /* FinalProject.app */;
			productType = "com.apple.product-type.application";
		};
/* End PBXNativeTarget section */

/* Begin PBXProject section */
		227BD2AE24BE24860097A920 /* Project object */ = {
			isa = PBXProject;
			attributes = {
				LastSwiftUpdateCheck = 1150;
				LastUpgradeCheck = 1150;
				ORGANIZATIONNAME = "Solongo Tumenhuu";
				TargetAttributes = {
					227BD2B524BE24860097A920 = {
						CreatedOnToolsVersion = 11.5;
					};
				};
			};
			buildConfigurationList = 227BD2B124BE24860097A920 /* Build configuration list for PBXProject "FinalProject" */;
			compatibilityVersion = "Xcode 9.3";
			developmentRegion = en;
			hasScannedForEncodings = 0;
			knownRegions = (
				en,
				Base,
			);
			mainGroup = 227BD2AD24BE24860097A920;
			productRefGroup = 227BD2B724BE24860097A920 /* Products */;
			projectDirPath = "";
			projectRoot = "";
			targets = (
				227BD2B524BE24860097A920 /* FinalProject */,
			);
		};
/* End PBXProject section */

/* Begin PBXResourcesBuildPhase section */
		227BD2B424BE24860097A920 /* Resources */ = {
			isa = PBXResourcesBuildPhase;
			buildActionMask = 2147483647;
			files = (
				227BD2C924BE24880097A920 /* LaunchScreen.storyboard in Resources */,
				227BD2C624BE24880097A920 /* Assets.xcassets in Resources */,
				227BD2C124BE24860097A920 /* Main.storyboard in Resources */,
			);
			runOnlyForDeploymentPostprocessing = 0;
		};
/* End PBXResourcesBuildPhase section */

/* Begin PBXSourcesBuildPhase section */
		227BD2B224BE24860097A920 /* Sources */ = {
			isa = PBXSourcesBuildPhase;
			buildActionMask = 2147483647;
			files = (
				22CD0BB324BF97C80070D6A2 /* quiz4ViewController.swift in Sources */,
				22CD0BAD24BF97750070D6A2 /* quiz1ViewController.swift in Sources */,
				227BD2BE24BE24860097A920 /* ViewController.swift in Sources */,
				227BD2BA24BE24860097A920 /* AppDelegate.swift in Sources */,
				2227AA1F24C0ACC100A47FA9 /* resultsVC.swift in Sources */,
				227BD2C424BE24860097A920 /* FinalProject.xcdatamodeld in Sources */,
				22CD0BB124BF97B30070D6A2 /* quiz3ViewController.swift in Sources */,
				22CD0BAF24BF97A20070D6A2 /* quiz2ViewController.swift in Sources */,
				227BD2BC24BE24860097A920 /* SceneDelegate.swift in Sources */,
			);
			runOnlyForDeploymentPostprocessing = 0;
		};
/* End PBXSourcesBuildPhase section */

/* Begin PBXVariantGroup section */
		227BD2BF24BE24860097A920 /* Main.storyboard */ = {
			isa = PBXVariantGroup;
			children = (
				227BD2C024BE24860097A920 /* Base */,
			);
			name = Main.storyboard;
			sourceTree = "<group>";
		};
		227BD2C724BE24880097A920 /* LaunchScreen.storyboard */ = {
			isa = PBXVariantGroup;
			children = (
				227BD2C824BE24880097A920 /* Base */,
			);
			name = LaunchScreen.storyboard;
			sourceTree = "<group>";
		};
/* End PBXVariantGroup section */

/* Begin XCBuildConfiguration section */
		227BD2CB24BE24880097A920 /* Debug */ = {
			isa = XCBuildConfiguration;
			buildSettings = {
				ALWAYS_SEARCH_USER_PATHS = NO;
				CLANG_ANALYZER_NONNULL = YES;
				CLANG_ANALYZER_NUMBER_OBJECT_CONVERSION = YES_AGGRESSIVE;
				CLANG_CXX_LANGUAGE_STANDARD = "gnu++14";
				CLANG_CXX_LIBRARY = "libc++";
				CLANG_ENABLE_MODULES = YES;
				CLANG_ENABLE_OBJC_ARC = YES;
				CLANG_ENABLE_OBJC_WEAK = YES;
				CLANG_WARN_BLOCK_CAPTURE_AUTORELEASING = YES;
				CLANG_WARN_BOOL_CONVERSION = YES;
				CLANG_WARN_COMMA = YES;
				CLANG_WARN_CONSTANT_CONVERSION = YES;
				CLANG_WARN_DEPRECATED_OBJC_IMPLEMENTATIONS = YES;
				CLANG_WARN_DIRECT_OBJC_ISA_USAGE = YES_ERROR;
				CLANG_WARN_DOCUMENTATION_COMMENTS = YES;
				CLANG_WARN_EMPTY_BODY = YES;
				CLANG_WARN_ENUM_CONVERSION = YES;
				CLANG_WARN_INFINITE_RECURSION = YES;
				CLANG_WARN_INT_CONVERSION = YES;
				CLANG_WARN_NON_LITERAL_NULL_CONVERSION = YES;
				CLANG_WARN_OBJC_IMPLICIT_RETAIN_SELF = YES;
				CLANG_WARN_OBJC_LITERAL_CONVERSION = YES;
				CLANG_WARN_OBJC_ROOT_CLASS = YES_ERROR;
				CLANG_WARN_RANGE_LOOP_ANALYSIS = YES;
				CLANG_WARN_STRICT_PROTOTYPES = YES;
				CLANG_WARN_SUSPICIOUS_MOVE = YES;
				CLANG_WARN_UNGUARDED_AVAILABILITY = YES_AGGRESSIVE;
				CLANG_WARN_UNREACHABLE_CODE = YES;
				CLANG_WARN__DUPLICATE_METHOD_MATCH = YES;
				COPY_PHASE_STRIP = NO;
				DEBUG_INFORMATION_FORMAT = dwarf;
				ENABLE_STRICT_OBJC_MSGSEND = YES;
				ENABLE_TESTABILITY = YES;
				GCC_C_LANGUAGE_STANDARD = gnu11;
				GCC_DYNAMIC_NO_PIC = NO;
				GCC_NO_COMMON_BLOCKS = YES;
				GCC_OPTIMIZATION_LEVEL = 0;
				GCC_PREPROCESSOR_DEFINITIONS = (
					"DEBUG=1",
					"$(inherited)",
				);
				GCC_WARN_64_TO_32_BIT_CONVERSION = YES;
				GCC_WARN_ABOUT_RETURN_TYPE = YES_ERROR;
				GCC_WARN_UNDECLARED_SELECTOR = YES;
				GCC_WARN_UNINITIALIZED_AUTOS = YES_AGGRESSIVE;
				GCC_WARN_UNUSED_FUNCTION = YES;
				GCC_WARN_UNUSED_VARIABLE = YES;
				IPHONEOS_DEPLOYMENT_TARGET = 13.5;
				MTL_ENABLE_DEBUG_INFO = INCLUDE_SOURCE;
				MTL_FAST_MATH = YES;
				ONLY_ACTIVE_ARCH = YES;
				SDKROOT = iphoneos;
				SWIFT_ACTIVE_COMPILATION_CONDITIONS = DEBUG;
				SWIFT_OPTIMIZATION_LEVEL = "-Onone";
			};
			name = Debug;
		};
		227BD2CC24BE24880097A920 /* Release */ = {
			isa = XCBuildConfiguration;
			buildSettings = {
				ALWAYS_SEARCH_USER_PATHS = NO;
				CLANG_ANALYZER_NONNULL = YES;
				CLANG_ANALYZER_NUMBER_OBJECT_CONVERSION = YES_AGGRESSIVE;
				CLANG_CXX_LANGUAGE_STANDARD = "gnu++14";
				CLANG_CXX_LIBRARY = "libc++";
				CLANG_ENABLE_MODULES = YES;
				CLANG_ENABLE_OBJC_ARC = YES;
				CLANG_ENABLE_OBJC_WEAK = YES;
				CLANG_WARN_BLOCK_CAPTURE_AUTORELEASING = YES;
				CLANG_WARN_BOOL_CONVERSION = YES;
				CLANG_WARN_COMMA = YES;
				CLANG_WARN_CONSTANT_CONVERSION = YES;
				CLANG_WARN_DEPRECATED_OBJC_IMPLEMENTATIONS = YES;
				CLANG_WARN_DIRECT_OBJC_ISA_USAGE = YES_ERROR;
				CLANG_WARN_DOCUMENTATION_COMMENTS = YES;
				CLANG_WARN_EMPTY_BODY = YES;
				CLANG_WARN_ENUM_CONVERSION = YES;
				CLANG_WARN_INFINITE_RECURSION = YES;
				CLANG_WARN_INT_CONVERSION = YES;
				CLANG_WARN_NON_LITERAL_NULL_CONVERSION = YES;
				CLANG_WARN_OBJC_IMPLICIT_RETAIN_SELF = YES;
				CLANG_WARN_OBJC_LITERAL_CONVERSION = YES;
				CLANG_WARN_OBJC_ROOT_CLASS = YES_ERROR;
				CLANG_WARN_RANGE_LOOP_ANALYSIS = YES;
				CLANG_WARN_STRICT_PROTOTYPES = YES;
				CLANG_WARN_SUSPICIOUS_MOVE = YES;
				CLANG_WARN_UNGUARDED_AVAILABILITY = YES_AGGRESSIVE;
				CLANG_WARN_UNREACHABLE_CODE = YES;
				CLANG_WARN__DUPLICATE_METHOD_MATCH = YES;
				COPY_PHASE_STRIP = NO;
				DEBUG_INFORMATION_FORMAT = "dwarf-with-dsym";
				ENABLE_NS_ASSERTIONS = NO;
				ENABLE_STRICT_OBJC_MSGSEND = YES;
				GCC_C_LANGUAGE_STANDARD = gnu11;
				GCC_NO_COMMON_BLOCKS = YES;
				GCC_WARN_64_TO_32_BIT_CONVERSION = YES;
				GCC_WARN_ABOUT_RETURN_TYPE = YES_ERROR;
				GCC_WARN_UNDECLARED_SELECTOR = YES;
				GCC_WARN_UNINITIALIZED_AUTOS = YES_AGGRESSIVE;
				GCC_WARN_UNUSED_FUNCTION = YES;
				GCC_WARN_UNUSED_VARIABLE = YES;
				IPHONEOS_DEPLOYMENT_TARGET = 13.5;
				MTL_ENABLE_DEBUG_INFO = NO;
				MTL_FAST_MATH = YES;
				SDKROOT = iphoneos;
				SWIFT_COMPILATION_MODE = wholemodule;
				SWIFT_OPTIMIZATION_LEVEL = "-O";
				VALIDATE_PRODUCT = YES;
			};
			name = Release;
		};
		227BD2CE24BE24880097A920 /* Debug */ = {
			isa = XCBuildConfiguration;
			buildSettings = {
				ASSETCATALOG_COMPILER_APPICON_NAME = AppIcon;
				CODE_SIGN_STYLE = Automatic;
				INFOPLIST_FILE = FinalProject/Info.plist;
				LD_RUNPATH_SEARCH_PATHS = (
					"$(inherited)",
					"@executable_path/Frameworks",
				);
				PRODUCT_BUNDLE_IDENTIFIER = Solongo.FinalProject;
				PRODUCT_NAME = "$(TARGET_NAME)";
				SWIFT_VERSION = 5.0;
				TARGETED_DEVICE_FAMILY = "1,2";
			};
			name = Debug;
		};
		227BD2CF24BE24880097A920 /* Release */ = {
			isa = XCBuildConfiguration;
			buildSettings = {
				ASSETCATALOG_COMPILER_APPICON_NAME = AppIcon;
				CODE_SIGN_STYLE = Automatic;
				INFOPLIST_FILE = FinalProject/Info.plist;
				LD_RUNPATH_SEARCH_PATHS = (
					"$(inherited)",
					"@executable_path/Frameworks",
				);
				PRODUCT_BUNDLE_IDENTIFIER = Solongo.FinalProject;
				PRODUCT_NAME = "$(TARGET_NAME)";
				SWIFT_VERSION = 5.0;
				TARGETED_DEVICE_FAMILY = "1,2";
			};
			name = Release;
		};
/* End XCBuildConfiguration section */

/* Begin XCConfigurationList section */
		227BD2B124BE24860097A920 /* Build configuration list for PBXProject "FinalProject" */ = {
			isa = XCConfigurationList;
			buildConfigurations = (
				227BD2CB24BE24880097A920 /* Debug */,
				227BD2CC24BE24880097A920 /* Release */,
			);
			defaultConfigurationIsVisible = 0;
			defaultConfigurationName = Release;
		};
		227BD2CD24BE24880097A920 /* Build configuration list for PBXNativeTarget "FinalProject" */ = {
			isa = XCConfigurationList;
			buildConfigurations = (
				227BD2CE24BE24880097A920 /* Debug */,
				227BD2CF24BE24880097A920 /* Release */,
			);
			defaultConfigurationIsVisible = 0;
			defaultConfigurationName = Release;
		};
/* End XCConfigurationList section */

/* Begin XCVersionGroup section */
		227BD2C224BE24860097A920 /* FinalProject.xcdatamodeld */ = {
			isa = XCVersionGroup;
			children = (
				227BD2C324BE24860097A920 /* FinalProject.xcdatamodel */,
			);
			currentVersion = 227BD2C324BE24860097A920 /* FinalProject.xcdatamodel */;
			path = FinalProject.xcdatamodeld;
			sourceTree = "<group>";
			versionGroupType = wrapper.xcdatamodel;
		};
/* End XCVersionGroup section */
	};
	rootObject = 227BD2AE24BE24860097A920 /* Project object */;
}
